
Microsoft Visual Studio Solution File, Format Version 12.00
# Visual Studio Version 17
VisualStudioVersion = 17.0.32112.339
MinimumVisualStudioVersion = 10.0.40219.1
Project("{9A19103F-16F7-4668-BE54-9A1E7A4F7556}") = "SerialMonitor", "SerialMonitor\SerialMonitor.csproj", "{019A06E0-C535-488C-AACF-E2A0E1A26861}"
EndProject
Project("{FAE04EC0-301F-11D3-BF4B-00C04F79EFBC}") = "SerialMonitorTests", "SerialMonitorTests\SerialMonitorTests.csproj", "{B256E2BC-363A-4098-A163-8B25464FD95E}"
EndProject
Global
	GlobalSection(SolutionConfigurationPlatforms) = preSolution
		Debug|Any CPU = Debug|Any CPU
		Release|Any CPU = Release|Any CPU
	EndGlobalSection
	GlobalSection(ProjectConfigurationPlatforms) = postSolution
		{019A06E0-C535-488C-AACF-E2A0E1A26861}.Debug|Any CPU.ActiveCfg = Debug|Any CPU
		{019A06E0-C535-488C-AACF-E2A0E1A26861}.Debug|Any CPU.Build.0 = Debug|Any CPU
		{019A06E0-C535-488C-AACF-E2A0E1A26861}.Release|Any CPU.ActiveCfg = Release|Any CPU
		{019A06E0-C535-488C-AACF-E2A0E1A26861}.Release|Any CPU.Build.0 = Release|Any CPU
		{B256E2BC-363A-4098-A163-8B25464FD95E}.Debug|Any CPU.ActiveCfg = Debug|Any CPU
		{B256E2BC-363A-4098-A163-8B25464FD95E}.Debug|Any CPU.Build.0 = Debug|Any CPU
		{B256E2BC-363A-4098-A163-8B25464FD95E}.Release|Any CPU.ActiveCfg = Release|Any CPU
		{B256E2BC-363A-4098-A163-8B25464FD95E}.Release|Any CPU.Build.0 = Release|Any CPU
	EndGlobalSection
	GlobalSection(SolutionProperties) = preSolution
		HideSolutionNode = FALSE
	EndGlobalSection
	GlobalSection(ExtensibilityGlobals) = postSolution
		SolutionGuid = {0EB2695A-E2CB-4290-9B63-F93C61AA527E}
	EndGlobalSection
EndGlobal
